// !$*UTF8*$!
{
	archiveVersion = 1;
	classes = {
	};
	objectVersion = 56;
	objects = {

/* Begin PBXBuildFile section */
		4F5840EE2A1805A90055CC15 /* Fire.sks in Resources */ = {isa = PBXBuildFile; fileRef = 4F5840ED2A1805A90055CC15 /* Fire.sks */; };
		4F5840F02A1806680055CC15 /* FireFlies.sks in Resources */ = {isa = PBXBuildFile; fileRef = 4F5840EF2A1806680055CC15 /* FireFlies.sks */; };
		4F5840F22A18067E0055CC15 /* Magic.sks in Resources */ = {isa = PBXBuildFile; fileRef = 4F5840F12A18067E0055CC15 /* Magic.sks */; };
		4F5840F52A1806980055CC15 /* Rain.sks in Resources */ = {isa = PBXBuildFile; fileRef = 4F5840F42A1806980055CC15 /* Rain.sks */; };
		4F5840F72A1808B90055CC15 /* Smoke.sks in Resources */ = {isa = PBXBuildFile; fileRef = 4F5840F62A1808B90055CC15 /* Smoke.sks */; };
		4F7033C12A1534730056ECB8 /* AppDelegate.swift in Sources */ = {isa = PBXBuildFile; fileRef = 4F7033C02A1534730056ECB8 /* AppDelegate.swift */; };
		4F7033CC2A1534730056ECB8 /* Main.storyboard in Resources */ = {isa = PBXBuildFile; fileRef = 4F7033CA2A1534730056ECB8 /* Main.storyboard */; };
		4F7033CE2A1534740056ECB8 /* Assets.xcassets in Resources */ = {isa = PBXBuildFile; fileRef = 4F7033CD2A1534740056ECB8 /* Assets.xcassets */; };
		4F7033D12A1534740056ECB8 /* LaunchScreen.storyboard in Resources */ = {isa = PBXBuildFile; fileRef = 4F7033CF2A1534740056ECB8 /* LaunchScreen.storyboard */; };
		4F7033D82A1536B40056ECB8 /* GameViewController.swift in Sources */ = {isa = PBXBuildFile; fileRef = 4F7033D72A1536B40056ECB8 /* GameViewController.swift */; };
		4F7033DC2A1537360056ECB8 /* GameScene.swift in Sources */ = {isa = PBXBuildFile; fileRef = 4F7033DB2A1537360056ECB8 /* GameScene.swift */; };
		4F7033DE2A15B5C90056ECB8 /* Bokeh.sks in Resources */ = {isa = PBXBuildFile; fileRef = 4F7033DD2A15B5C90056ECB8 /* Bokeh.sks */; };
/* End PBXBuildFile section */

/* Begin PBXFileReference section */
		4F5840ED2A1805A90055CC15 /* Fire.sks */ = {isa = PBXFileReference; lastKnownFileType = file.sks; path = Fire.sks; sourceTree = "<group>"; };
		4F5840EF2A1806680055CC15 /* FireFlies.sks */ = {isa = PBXFileReference; lastKnownFileType = file.sks; path = FireFlies.sks; sourceTree = "<group>"; };
		4F5840F12A18067E0055CC15 /* Magic.sks */ = {isa = PBXFileReference; lastKnownFileType = file.sks; path = Magic.sks; sourceTree = "<group>"; };
		4F5840F42A1806980055CC15 /* Rain.sks */ = {isa = PBXFileReference; lastKnownFileType = file.sks; path = Rain.sks; sourceTree = "<group>"; };
		4F5840F62A1808B90055CC15 /* Smoke.sks */ = {isa = PBXFileReference; lastKnownFileType = file.sks; path = Smoke.sks; sourceTree = "<group>"; };
		4F7033BD2A1534730056ECB8 /* SuperSpaceMan.app */ = {isa = PBXFileReference; explicitFileType = wrapper.application; includeInIndex = 0; path = SuperSpaceMan.app; sourceTree = BUILT_PRODUCTS_DIR; };
		4F7033C02A1534730056ECB8 /* AppDelegate.swift */ = {isa = PBXFileReference; lastKnownFileType = sourcecode.swift; path = AppDelegate.swift; sourceTree = "<group>"; };
		4F7033CB2A1534730056ECB8 /* Base */ = {isa = PBXFileReference; lastKnownFileType = file.storyboard; name = Base; path = Base.lproj/Main.storyboard; sourceTree = "<group>"; };
		4F7033CD2A1534740056ECB8 /* Assets.xcassets */ = {isa = PBXFileReference; lastKnownFileType = folder.assetcatalog; path = Assets.xcassets; sourceTree = "<group>"; };
		4F7033D02A1534740056ECB8 /* Base */ = {isa = PBXFileReference; lastKnownFileType = file.storyboard; name = Base; path = Base.lproj/LaunchScreen.storyboard; sourceTree = "<group>"; };
		4F7033D72A1536B40056ECB8 /* GameViewController.swift */ = {isa = PBXFileReference; lastKnownFileType = sourcecode.swift; path = GameViewController.swift; sourceTree = "<group>"; };
		4F7033DB2A1537360056ECB8 /* GameScene.swift */ = {isa = PBXFileReference; lastKnownFileType = sourcecode.swift; path = GameScene.swift; sourceTree = "<group>"; };
		4F7033DD2A15B5C90056ECB8 /* Bokeh.sks */ = {isa = PBXFileReference; lastKnownFileType = file.sks; path = Bokeh.sks; sourceTree = "<group>"; };
/* End PBXFileReference section */

/* Begin PBXFrameworksBuildPhase section */
		4F7033BA2A1534730056ECB8 /* Frameworks */ = {
			isa = PBXFrameworksBuildPhase;
			buildActionMask = 2147483647;
			files = (
			);
			runOnlyForDeploymentPostprocessing = 0;
		};
/* End PBXFrameworksBuildPhase section */

/* Begin PBXGroup section */
		4F7033B42A1534730056ECB8 = {
			isa = PBXGroup;
			children = (
				4F7033BF2A1534730056ECB8 /* SuperSpaceMan */,
				4F7033BE2A1534730056ECB8 /* Products */,
			);
			sourceTree = "<group>";
		};
		4F7033BE2A1534730056ECB8 /* Products */ = {
			isa = PBXGroup;
			children = (
				4F7033BD2A1534730056ECB8 /* SuperSpaceMan.app */,
			);
			name = Products;
			sourceTree = "<group>";
		};
		4F7033BF2A1534730056ECB8 /* SuperSpaceMan */ = {
			isa = PBXGroup;
			children = (
				4F7033C02A1534730056ECB8 /* AppDelegate.swift */,
				4F7033CA2A1534730056ECB8 /* Main.storyboard */,
				4F7033CD2A1534740056ECB8 /* Assets.xcassets */,
				4F7033CF2A1534740056ECB8 /* LaunchScreen.storyboard */,
				4F7033D72A1536B40056ECB8 /* GameViewController.swift */,
				4F7033DB2A1537360056ECB8 /* GameScene.swift */,
				4F7033DD2A15B5C90056ECB8 /* Bokeh.sks */,
				4F5840ED2A1805A90055CC15 /* Fire.sks */,
				4F5840EF2A1806680055CC15 /* FireFlies.sks */,
				4F5840F12A18067E0055CC15 /* Magic.sks */,
				4F5840F42A1806980055CC15 /* Rain.sks */,
				4F5840F62A1808B90055CC15 /* Smoke.sks */,
			);
			path = SuperSpaceMan;
			sourceTree = "<group>";
		};
/* End PBXGroup section */

/* Begin PBXNativeTarget section */
		4F7033BC2A1534730056ECB8 /* SuperSpaceMan */ = {
			isa = PBXNativeTarget;
			buildConfigurationList = 4F7033D42A1534740056ECB8 /* Build configuration list for PBXNativeTarget "SuperSpaceMan" */;
			buildPhases = (
				4F7033B92A1534730056ECB8 /* Sources */,
				4F7033BA2A1534730056ECB8 /* Frameworks */,
				4F7033BB2A1534730056ECB8 /* Resources */,
			);
			buildRules = (
			);
			dependencies = (
			);
			name = SuperSpaceMan;
			productName = SuperSpaceMan;
			productReference = 4F7033BD2A1534730056ECB8 /* SuperSpaceMan.app */;
			productType = "com.apple.product-type.application";
		};
/* End PBXNativeTarget section */

/* Begin PBXProject section */
		4F7033B52A1534730056ECB8 /* Project object */ = {
			isa = PBXProject;
			attributes = {
				BuildIndependentTargetsInParallel = 1;
				LastSwiftUpdateCheck = 1430;
				LastUpgradeCheck = 1430;
				TargetAttributes = {
					4F7033BC2A1534730056ECB8 = {
						CreatedOnToolsVersion = 14.3;
					};
				};
			};
			buildConfigurationList = 4F7033B82A1534730056ECB8 /* Build configuration list for PBXProject "SuperSpaceMan" */;
			compatibilityVersion = "Xcode 14.0";
			developmentRegion = en;
			hasScannedForEncodings = 0;
			knownRegions = (
				en,
				Base,
			);
			mainGroup = 4F7033B42A1534730056ECB8;
			productRefGroup = 4F7033BE2A1534730056ECB8 /* Products */;
			projectDirPath = "";
			projectRoot = "";
			targets = (
				4F7033BC2A1534730056ECB8 /* SuperSpaceMan */,
			);
		};
/* End PBXProject section */

/* Begin PBXResourcesBuildPhase section */
		4F7033BB2A1534730056ECB8 /* Resources */ = {
			isa = PBXResourcesBuildPhase;
			buildActionMask = 2147483647;
			files = (
				4F7033CC2A1534730056ECB8 /* Main.storyboard in Resources */,
				4F5840F52A1806980055CC15 /* Rain.sks in Resources */,
				4F7033DE2A15B5C90056ECB8 /* Bokeh.sks in Resources */,
				4F7033CE2A1534740056ECB8 /* Assets.xcassets in Resources */,
				4F5840F22A18067E0055CC15 /* Magic.sks in Resources */,
				4F5840F02A1806680055CC15 /* FireFlies.sks in Resources */,
				4F5840EE2A1805A90055CC15 /* Fire.sks in Resources */,
				4F7033D12A1534740056ECB8 /* LaunchScreen.storyboard in Resources */,
				4F5840F72A1808B90055CC15 /* Smoke.sks in Resources */,
			);
			runOnlyForDeploymentPostprocessing = 0;
		};
/* End PBXResourcesBuildPhase section */

/* Begin PBXSourcesBuildPhase section */
		4F7033B92A1534730056ECB8 /* Sources */ = {
			isa = PBXSourcesBuildPhase;
			buildActionMask = 2147483647;
			files = (
				4F7033DC2A1537360056ECB8 /* GameScene.swift in Sources */,
				4F7033D82A1536B40056ECB8 /* GameViewController.swift in Sources */,
				4F7033C12A1534730056ECB8 /* AppDelegate.swift in Sources */,
			);
			runOnlyForDeploymentPostprocessing = 0;
		};
/* End PBXSourcesBuildPhase section */

/* Begin PBXVariantGroup section */
		4F7033CA2A1534730056ECB8 /* Main.storyboard */ = {
			isa = PBXVariantGroup;
			children = (
				4F7033CB2A1534730056ECB8 /* Base */,
			);
			name = Main.storyboard;
			sourceTree = "<group>";
		};
		4F7033CF2A1534740056ECB8 /* LaunchScreen.storyboard */ = {
			isa = PBXVariantGroup;
			children = (
				4F7033D02A1534740056ECB8 /* Base */,
			);
			name = LaunchScreen.storyboard;
			sourceTree = "<group>";
		};
/* End PBXVariantGroup section */

/* Begin XCBuildConfiguration section */
		4F7033D22A1534740056ECB8 /* Debug */ = {
			isa = XCBuildConfiguration;
			buildSettings = {
				ALWAYS_SEARCH_USER_PATHS = NO;
				CLANG_ANALYZER_NONNULL = YES;
				CLANG_ANALYZER_NUMBER_OBJECT_CONVERSION = YES_AGGRESSIVE;
				CLANG_CXX_LANGUAGE_STANDARD = "gnu++20";
				CLANG_ENABLE_MODULES = YES;
				CLANG_ENABLE_OBJC_ARC = YES;
				CLANG_ENABLE_OBJC_WEAK = YES;
				CLANG_WARN_BLOCK_CAPTURE_AUTORELEASING = YES;
				CLANG_WARN_BOOL_CONVERSION = YES;
				CLANG_WARN_COMMA = YES;
				CLANG_WARN_CONSTANT_CONVERSION = YES;
				CLANG_WARN_DEPRECATED_OBJC_IMPLEMENTATIONS = YES;
				CLANG_WARN_DIRECT_OBJC_ISA_USAGE = YES_ERROR;
				CLANG_WARN_DOCUMENTATION_COMMENTS = YES;
				CLANG_WARN_EMPTY_BODY = YES;
				CLANG_WARN_ENUM_CONVERSION = YES;
				CLANG_WARN_INFINITE_RECURSION = YES;
				CLANG_WARN_INT_CONVERSION = YES;
				CLANG_WARN_NON_LITERAL_NULL_CONVERSION = YES;
				CLANG_WARN_OBJC_IMPLICIT_RETAIN_SELF = YES;
				CLANG_WARN_OBJC_LITERAL_CONVERSION = YES;
				CLANG_WARN_OBJC_ROOT_CLASS = YES_ERROR;
				CLANG_WARN_QUOTED_INCLUDE_IN_FRAMEWORK_HEADER = YES;
				CLANG_WARN_RANGE_LOOP_ANALYSIS = YES;
				CLANG_WARN_STRICT_PROTOTYPES = YES;
				CLANG_WARN_SUSPICIOUS_MOVE = YES;
				CLANG_WARN_UNGUARDED_AVAILABILITY = YES_AGGRESSIVE;
				CLANG_WARN_UNREACHABLE_CODE = YES;
				CLANG_WARN__DUPLICATE_METHOD_MATCH = YES;
				COPY_PHASE_STRIP = NO;
				DEBUG_INFORMATION_FORMAT = dwarf;
				ENABLE_STRICT_OBJC_MSGSEND = YES;
				ENABLE_TESTABILITY = YES;
				GCC_C_LANGUAGE_STANDARD = gnu11;
				GCC_DYNAMIC_NO_PIC = NO;
				GCC_NO_COMMON_BLOCKS = YES;
				GCC_OPTIMIZATION_LEVEL = 0;
				GCC_PREPROCESSOR_DEFINITIONS = (
					"DEBUG=1",
					"$(inherited)",
				);
				GCC_WARN_64_TO_32_BIT_CONVERSION = YES;
				GCC_WARN_ABOUT_RETURN_TYPE = YES_ERROR;
				GCC_WARN_UNDECLARED_SELECTOR = YES;
				GCC_WARN_UNINITIALIZED_AUTOS = YES_AGGRESSIVE;
				GCC_WARN_UNUSED_FUNCTION = YES;
				GCC_WARN_UNUSED_VARIABLE = YES;
				IPHONEOS_DEPLOYMENT_TARGET = 16.4;
				MTL_ENABLE_DEBUG_INFO = INCLUDE_SOURCE;
				MTL_FAST_MATH = YES;
				ONLY_ACTIVE_ARCH = YES;
				SDKROOT = iphoneos;
				SWIFT_ACTIVE_COMPILATION_CONDITIONS = DEBUG;
				SWIFT_OPTIMIZATION_LEVEL = "-Onone";
			};
			name = Debug;
		};
		4F7033D32A1534740056ECB8 /* Release */ = {
			isa = XCBuildConfiguration;
			buildSettings = {
				ALWAYS_SEARCH_USER_PATHS = NO;
				CLANG_ANALYZER_NONNULL = YES;
				CLANG_ANALYZER_NUMBER_OBJECT_CONVERSION = YES_AGGRESSIVE;
				CLANG_CXX_LANGUAGE_STANDARD = "gnu++20";
				CLANG_ENABLE_MODULES = YES;
				CLANG_ENABLE_OBJC_ARC = YES;
				CLANG_ENABLE_OBJC_WEAK = YES;
				CLANG_WARN_BLOCK_CAPTURE_AUTORELEASING = YES;
				CLANG_WARN_BOOL_CONVERSION = YES;
				CLANG_WARN_COMMA = YES;
				CLANG_WARN_CONSTANT_CONVERSION = YES;
				CLANG_WARN_DEPRECATED_OBJC_IMPLEMENTATIONS = YES;
				CLANG_WARN_DIRECT_OBJC_ISA_USAGE = YES_ERROR;
				CLANG_WARN_DOCUMENTATION_COMMENTS = YES;
				CLANG_WARN_EMPTY_BODY = YES;
				CLANG_WARN_ENUM_CONVERSION = YES;
				CLANG_WARN_INFINITE_RECURSION = YES;
				CLANG_WARN_INT_CONVERSION = YES;
				CLANG_WARN_NON_LITERAL_NULL_CONVERSION = YES;
				CLANG_WARN_OBJC_IMPLICIT_RETAIN_SELF = YES;
				CLANG_WARN_OBJC_LITERAL_CONVERSION = YES;
				CLANG_WARN_OBJC_ROOT_CLASS = YES_ERROR;
				CLANG_WARN_QUOTED_INCLUDE_IN_FRAMEWORK_HEADER = YES;
				CLANG_WARN_RANGE_LOOP_ANALYSIS = YES;
				CLANG_WARN_STRICT_PROTOTYPES = YES;
				CLANG_WARN_SUSPICIOUS_MOVE = YES;
				CLANG_WARN_UNGUARDED_AVAILABILITY = YES_AGGRESSIVE;
				CLANG_WARN_UNREACHABLE_CODE = YES;
				CLANG_WARN__DUPLICATE_METHOD_MATCH = YES;
				COPY_PHASE_STRIP = NO;
				DEBUG_INFORMATION_FORMAT = "dwarf-with-dsym";
				ENABLE_NS_ASSERTIONS = NO;
				ENABLE_STRICT_OBJC_MSGSEND = YES;
				GCC_C_LANGUAGE_STANDARD = gnu11;
				GCC_NO_COMMON_BLOCKS = YES;
				GCC_WARN_64_TO_32_BIT_CONVERSION = YES;
				GCC_WARN_ABOUT_RETURN_TYPE = YES_ERROR;
				GCC_WARN_UNDECLARED_SELECTOR = YES;
				GCC_WARN_UNINITIALIZED_AUTOS = YES_AGGRESSIVE;
				GCC_WARN_UNUSED_FUNCTION = YES;
				GCC_WARN_UNUSED_VARIABLE = YES;
				IPHONEOS_DEPLOYMENT_TARGET = 16.4;
				MTL_ENABLE_DEBUG_INFO = NO;
				MTL_FAST_MATH = YES;
				SDKROOT = iphoneos;
				SWIFT_COMPILATION_MODE = wholemodule;
				SWIFT_OPTIMIZATION_LEVEL = "-O";
				VALIDATE_PRODUCT = YES;
			};
			name = Release;
		};
		4F7033D52A1534740056ECB8 /* Debug */ = {
			isa = XCBuildConfiguration;
			buildSettings = {
				ASSETCATALOG_COMPILER_APPICON_NAME = AppIcon;
				ASSETCATALOG_COMPILER_GLOBAL_ACCENT_COLOR_NAME = AccentColor;
				CODE_SIGN_STYLE = Automatic;
				CURRENT_PROJECT_VERSION = 1;
				DEVELOPMENT_TEAM = 2YB2UR8XXM;
				GENERATE_INFOPLIST_FILE = YES;
				INFOPLIST_KEY_UIApplicationSupportsIndirectInputEvents = YES;
				INFOPLIST_KEY_UILaunchStoryboardName = LaunchScreen;
				INFOPLIST_KEY_UIMainStoryboardFile = Main;
				INFOPLIST_KEY_UIStatusBarHidden = YES;
				INFOPLIST_KEY_UISupportedInterfaceOrientations_iPad = "UIInterfaceOrientationPortrait UIInterfaceOrientationPortraitUpsideDown UIInterfaceOrientationLandscapeLeft UIInterfaceOrientationLandscapeRight";
				INFOPLIST_KEY_UISupportedInterfaceOrientations_iPhone = "UIInterfaceOrientationPortrait UIInterfaceOrientationLandscapeLeft UIInterfaceOrientationLandscapeRight";
				LD_RUNPATH_SEARCH_PATHS = (
					"$(inherited)",
					"@executable_path/Frameworks",
				);
				MARKETING_VERSION = 1.0;
				PRODUCT_BUNDLE_IDENTIFIER = bharat.com.SuperSpaceMan;
				PRODUCT_NAME = "$(TARGET_NAME)";
				SWIFT_EMIT_LOC_STRINGS = YES;
				SWIFT_VERSION = 5.0;
				TARGETED_DEVICE_FAMILY = "1,2";
			};
			name = Debug;
		};
		4F7033D62A1534740056ECB8 /* Release */ = {
			isa = XCBuildConfiguration;
			buildSettings = {
				ASSETCATALOG_COMPILER_APPICON_NAME = AppIcon;
				ASSETCATALOG_COMPILER_GLOBAL_ACCENT_COLOR_NAME = AccentColor;
				CODE_SIGN_STYLE = Automatic;
				CURRENT_PROJECT_VERSION = 1;
				DEVELOPMENT_TEAM = 2YB2UR8XXM;
				GENERATE_INFOPLIST_FILE = YES;
				INFOPLIST_KEY_UIApplicationSupportsIndirectInputEvents = YES;
				INFOPLIST_KEY_UILaunchStoryboardName = LaunchScreen;
				INFOPLIST_KEY_UIMainStoryboardFile = Main;
				INFOPLIST_KEY_UIStatusBarHidden = YES;
				INFOPLIST_KEY_UISupportedInterfaceOrientations_iPad = "UIInterfaceOrientationPortrait UIInterfaceOrientationPortraitUpsideDown UIInterfaceOrientationLandscapeLeft UIInterfaceOrientationLandscapeRight";
				INFOPLIST_KEY_UISupportedInterfaceOrientations_iPhone = "UIInterfaceOrientationPortrait UIInterfaceOrientationLandscapeLeft UIInterfaceOrientationLandscapeRight";
				LD_RUNPATH_SEARCH_PATHS = (
					"$(inherited)",
					"@executable_path/Frameworks",
				);
				MARKETING_VERSION = 1.0;
				PRODUCT_BUNDLE_IDENTIFIER = bharat.com.SuperSpaceMan;
				PRODUCT_NAME = "$(TARGET_NAME)";
				SWIFT_EMIT_LOC_STRINGS = YES;
				SWIFT_VERSION = 5.0;
				TARGETED_DEVICE_FAMILY = "1,2";
			};
			name = Release;
		};
/* End XCBuildConfiguration section */

/* Begin XCConfigurationList section */
		4F7033B82A1534730056ECB8 /* Build configuration list for PBXProject "SuperSpaceMan" */ = {
			isa = XCConfigurationList;
			buildConfigurations = (
				4F7033D22A1534740056ECB8 /* Debug */,
				4F7033D32A1534740056ECB8 /* Release */,
			);
			defaultConfigurationIsVisible = 0;
			defaultConfigurationName = Release;
		};
		4F7033D42A1534740056ECB8 /* Build configuration list for PBXNativeTarget "SuperSpaceMan" */ = {
			isa = XCConfigurationList;
			buildConfigurations = (
				4F7033D52A1534740056ECB8 /* Debug */,
				4F7033D62A1534740056ECB8 /* Release */,
			);
			defaultConfigurationIsVisible = 0;
			defaultConfigurationName = Release;
		};
/* End XCConfigurationList section */
	};
	rootObject = 4F7033B52A1534730056ECB8 /* Project object */;
}
